{
  "version": 4,
  "terraform_version": "0.12.0",
  "serial": 3,
  "lineage": "72d49d83-b399-cd47-d46b-68c67ea81d52",
  "outputs": {},
  "resources": [
    {
      "mode": "managed",
      "type": "aws_key_pair",
      "name": "pblab-use2-key01",
      "provider": "provider.aws",
      "instances": [
        {
          "schema_version": 1,
          "attributes": {
            "fingerprint": "f4:ea:d8:2a:61:dd:9c:30:b6:34:96:bb:33:73:8c:ec",
            "id": "pblab-use2-key01",
            "key_name": "pblab-use2-key01",
            "key_name_prefix": null,
            "public_key": "ssh-rsa AAAAB3NzaC1yc2EAAAABJQAAAQEAxyLNgZoYB9SJpQcQUGp6wtSiwdJYJ14QwFktkHBB0E6X5bffAPjRKLrpCfnGO5flxowGoxWvKxJsS7X7sdYZ18DtjmUj1DDaN/VCrpTG9CxBI5KfUYUyiqAx0g5upiOdilXwoyhK4nLp1LQ1IeG5bFlaIlSPgFAtvRgUrGVYjEIm92KwXCJX4TiSpb8yHasu2BNWkxXfTKflRMavd53pl/TcLTeJ2cKgHm2T6kASSxmhZnem/UgbnG7jZcosTtE/phuOCFvSKqo4c7T3GHElsfuzeN3huLzfdtDCTR2oaoJqMDvzW85o/ICqE/+bjN8oOEkhD8Q1Lbw/49+d23a/Mw== rsa-key-20190807"
          }
        }
      ]
    },
    {
      "mode": "managed",
      "type": "aws_vpc",
      "name": "net-pblab-use2-vpc01",
      "provider": "provider.aws",
      "instances": [
        {
          "schema_version": 1,
          "attributes": {
            "arn": "arn:aws:ec2:us-east-2:461479396810:vpc/vpc-0aeba88091c112808",
            "assign_generated_ipv6_cidr_block": false,
            "cidr_block": "10.0.0.0/16",
            "default_network_acl_id": "acl-0dff39366095dd5d1",
            "default_route_table_id": "rtb-02e19cdb20e01409c",
            "default_security_group_id": "sg-0175e451901d40463",
            "dhcp_options_id": "dopt-08a06f7c98dca8156",
            "enable_classiclink": null,
            "enable_classiclink_dns_support": null,
            "enable_dns_hostnames": false,
            "enable_dns_support": true,
            "id": "vpc-0aeba88091c112808",
            "instance_tenancy": "default",
            "ipv6_association_id": "",
            "ipv6_cidr_block": "",
            "main_route_table_id": "rtb-02e19cdb20e01409c",
            "owner_id": "461479396810",
            "tags": {
              "name": "net-pblab-use2-vpc01"
            }
          }
        }
      ]
    }
  ]
}
